<Solution>
  <Configurations>
    <Platform Name="x64" />
    <Platform Name="x86" />
  </Configurations>
  <Project Path="CMakeGenerator/CMakeGenerator.vcxproj" Id="1e7b542f-436e-4932-b7b8-4aae9ea396bd" />
  <Project Path="glsld/glsld.vcxproj" Id="3b09a4cf-6d0f-4055-9e9c-3ee3924770b2" />
  <Project Path="mimalloc/mimalloc.vcxproj" Id="de3ee8f6-d071-4c6a-8528-9d8c9b0a035e" />
</Solution>
