<?xml version="1.0" encoding="utf-8"?>
<Project ToolsVersion="4.0" xmlns="http://schemas.microsoft.com/developer/msbuild/2003">
  <ItemGroup>
    <ClCompile Include="Sources\Analyzer\Syntax\Parser.cpp" />
    <ClCompile Include="Sources\Analyzer\Syntax\Symbol.cpp" />
    <ClCompile Include="Sources\Analyzer\Syntax\Lexer.cpp" />
    <ClCompile Include="Sources\Base\Config.cpp" />
    <ClCompile Include="Sources\Base\Logger.cpp" />
    <ClCompile Include="Sources\Base\ThreadPool.cpp" />
    <ClCompile Include="Sources\main.cpp" />
    <ClCompile Include="Sources\Server\JsonResponse.cpp" />
    <ClCompile Include="Sources\Server\Router.cpp" />
    <ClCompile Include="Sources\Server\LspServer.cpp" />
    <ClCompile Include="Sources\stdafx.cpp" />
    <ClCompile Include="Sources\Utils\Utils.cpp" />
    <ClCompile Include="Sources\Analyzer\Ast\AstVisitor.cpp" />
    <ClCompile Include="Sources\Analyzer\Ast\AstDumper.cpp" />
    <ClCompile Include="Sources\Analyzer\Passes\NodeLocator.cpp" />
    <ClCompile Include="Sources\Server\FunctionProviders.cpp" />
    <ClCompile Include="Sources\Server\Workspace.cpp" />
    <ClCompile Include="Sources\Analyzer\Passes\SymbolLinker.cpp" />
    <ClCompile Include="Sources\Analyzer\Passes\TypeResolver.cpp" />
    <ClCompile Include="Sources\Analyzer\Passes\InlayHintVisitor.cpp" />
    <ClCompile Include="Sources\Analyzer\Syntax\Preprocessor.cpp" />
    <ClCompile Include="Sources\Analyzer\Passes\MacroBinder.cpp" />
    <ClCompile Include="Sources\Analyzer\Passes\ConstantEvaluator.cpp" />
    <ClCompile Include="Sources\ExternalImpl\mimalloc-new-delete.cpp" />
    <ClCompile Include="Sources\Base\FileSystem\IncludeLoader.cpp" />
    <ClCompile Include="Sources\Base\FileSystem\Source.cpp" />
  </ItemGroup>
  <ItemGroup>
    <ClInclude Include="Sources\Analyzer\Syntax\Parser.hpp" />
    <ClInclude Include="Sources\Analyzer\Syntax\Symbol.hpp" />
    <ClInclude Include="Sources\Analyzer\Syntax\Lexer.hpp" />
    <ClInclude Include="Sources\Analyzer\Syntax\Token.hpp" />
    <ClInclude Include="Sources\Base\Config.hpp" />
    <ClInclude Include="Sources\Base\ConfigIniter.hpp" />
    <ClInclude Include="Sources\Base\Logger.hpp" />
    <ClInclude Include="Sources\Base\ThreadPool.hpp" />
    <ClInclude Include="Sources\Base\YamlTypes.hpp" />
    <ClInclude Include="Sources\Server\Context.hpp" />
    <ClInclude Include="Sources\Server\JsonResponse.hpp" />
    <ClInclude Include="Sources\Server\Router.hpp" />
    <ClInclude Include="Sources\Server\LspServer.hpp" />
    <ClInclude Include="Sources\stdafx.h" />
    <ClInclude Include="Sources\Utils\Utils.hpp" />
    <ClInclude Include="Sources\xstdafx.h" />
    <ClInclude Include="Sources\Analyzer\Ast\Ast.hpp" />
    <ClInclude Include="Sources\Analyzer\Ast\AstVisitor.hpp" />
    <ClInclude Include="Sources\Analyzer\Ast\AstDumper.hpp" />
    <ClInclude Include="Sources\Analyzer\Passes\NodeLocator.hpp" />
    <ClInclude Include="Sources\Server\FunctionProviders.hpp" />
    <ClInclude Include="Sources\Server\Workspace.hpp" />
    <ClInclude Include="Sources\Base\Hash.hpp" />
    <ClInclude Include="Sources\Analyzer\Passes\SymbolLinker.hpp" />
    <ClInclude Include="Sources\Analyzer\Syntax\Document.hpp" />
    <ClInclude Include="Sources\Analyzer\Passes\TypeResolver.hpp" />
    <ClInclude Include="Sources\Analyzer\Passes\InlayHintVisitor.hpp" />
    <ClInclude Include="Sources\Analyzer\Syntax\Preprocessor.hpp" />
    <ClInclude Include="Sources\Analyzer\Passes\MacroBinder.hpp" />
    <ClInclude Include="Sources\Analyzer\Passes\ConstantEvaluator.hpp" />
    <ClInclude Include="Sources\Base\FileSystem\IncludeLoader.hpp" />
    <ClInclude Include="Sources\Base\FileSystem\Source.hpp" />
  </ItemGroup>
  <ItemGroup>
    <None Include="Sources\Base\Config.inl" />
    <None Include="Sources\Base\Logger.inl" />
    <None Include="Sources\Base\ThreadPool.inl" />
    <None Include="vcpkg.json" />
    <None Include="Sources\Analyzer\Syntax\Parser.inl" />
    <None Include="Sources\Analyzer\Syntax\Symbol.inl" />
    <None Include="Sources\Analyzer\Syntax\Preprocessor.inl" />
    <None Include="Sources\Base\FileSystem\Source.inl" />
    <None Include="Sources\Server\Workspace.inl" />
    <None Include="Sources\Utils\Utils.inl" />
    <None Include="Sources\Analyzer\Passes\NodeLocator.inl" />
  </ItemGroup>
  <ItemGroup>
    <Filter Include="头文件">
      <UniqueIdentifier>{204cba37-ca7e-43d6-9a92-f51284ee19e9}</UniqueIdentifier>
    </Filter>
    <Filter Include="源文件">
      <UniqueIdentifier>{d69adafd-6e2c-4924-aecd-7aec521cab30}</UniqueIdentifier>
    </Filter>
  </ItemGroup>
</Project>